
Microsoft Visual Studio Solution File, Format Version 12.00
# Visual Studio Version 16
VisualStudioVersion = 16.0.31729.503
MinimumVisualStudioVersion = 10.0.40219.1
Project("{FAE04EC0-301F-11D3-BF4B-00C04F79EFBC}") = "Progettino", "Progettino\Progettino.csproj", "{AA7C0483-4A5A-4374-A440-1397C868C526}"
EndProject
Global
	GlobalSection(SolutionConfigurationPlatforms) = preSolution
		Debug|Any CPU = Debug|Any CPU
		Release|Any CPU = Release|Any CPU
	EndGlobalSection
	GlobalSection(ProjectConfigurationPlatforms) = postSolution
		{AA7C0483-4A5A-4374-A440-1397C868C526}.Debug|Any CPU.ActiveCfg = Debug|Any CPU
		{AA7C0483-4A5A-4374-A440-1397C868C526}.Debug|Any CPU.Build.0 = Debug|Any CPU
		{AA7C0483-4A5A-4374-A440-1397C868C526}.Release|Any CPU.ActiveCfg = Release|Any CPU
		{AA7C0483-4A5A-4374-A440-1397C868C526}.Release|Any CPU.Build.0 = Release|Any CPU
	EndGlobalSection
	GlobalSection(SolutionProperties) = preSolution
		HideSolutionNode = FALSE
	EndGlobalSection
	GlobalSection(ExtensibilityGlobals) = postSolution
		SolutionGuid = {9720882C-BB2E-48DA-B93A-1F81B4A041C3}
	EndGlobalSection
EndGlobal
